
Microsoft Visual Studio Solution File, Format Version 12.00
# Visual Studio Version 17
VisualStudioVersion = 17.9.34616.47
MinimumVisualStudioVersion = 10.0.40219.1
Project("{9A19103F-16F7-4668-BE54-9A1E7A4F7556}") = "Orders.Backend", "Orders.Backend\Orders.Backend.csproj", "{DB871AE4-08AE-42A4-AF3A-0FF547BCED17}"
EndProject
Project("{9A19103F-16F7-4668-BE54-9A1E7A4F7556}") = "Orders.Frontend", "Orders.Frontend\Orders.Frontend.csproj", "{E1D20DE4-176E-4B2C-A6F0-8CA6C90A0736}"
EndProject
Project("{9A19103F-16F7-4668-BE54-9A1E7A4F7556}") = "Orders.Shared", "Orders.Shared\Orders.Shared.csproj", "{CD19686B-A713-4BE3-A017-8E5091C6EB1F}"
EndProject
Project("{9A19103F-16F7-4668-BE54-9A1E7A4F7556}") = "Orders.Tests", "Orders.Tests\Orders.Tests.csproj", "{52DA1AA5-5BA1-4626-BD41-66EC4E58DE4D}"
EndProject
Global
	GlobalSection(SolutionConfigurationPlatforms) = preSolution
		Debug|Any CPU = Debug|Any CPU
		Release|Any CPU = Release|Any CPU
	EndGlobalSection
	GlobalSection(ProjectConfigurationPlatforms) = postSolution
		{DB871AE4-08AE-42A4-AF3A-0FF547BCED17}.Debug|Any CPU.ActiveCfg = Debug|Any CPU
		{DB871AE4-08AE-42A4-AF3A-0FF547BCED17}.Debug|Any CPU.Build.0 = Debug|Any CPU
		{DB871AE4-08AE-42A4-AF3A-0FF547BCED17}.Release|Any CPU.ActiveCfg = Release|Any CPU
		{DB871AE4-08AE-42A4-AF3A-0FF547BCED17}.Release|Any CPU.Build.0 = Release|Any CPU
		{E1D20DE4-176E-4B2C-A6F0-8CA6C90A0736}.Debug|Any CPU.ActiveCfg = Debug|Any CPU
		{E1D20DE4-176E-4B2C-A6F0-8CA6C90A0736}.Debug|Any CPU.Build.0 = Debug|Any CPU
		{E1D20DE4-176E-4B2C-A6F0-8CA6C90A0736}.Release|Any CPU.ActiveCfg = Release|Any CPU
		{E1D20DE4-176E-4B2C-A6F0-8CA6C90A0736}.Release|Any CPU.Build.0 = Release|Any CPU
		{CD19686B-A713-4BE3-A017-8E5091C6EB1F}.Debug|Any CPU.ActiveCfg = Debug|Any CPU
		{CD19686B-A713-4BE3-A017-8E5091C6EB1F}.Debug|Any CPU.Build.0 = Debug|Any CPU
		{CD19686B-A713-4BE3-A017-8E5091C6EB1F}.Release|Any CPU.ActiveCfg = Release|Any CPU
		{CD19686B-A713-4BE3-A017-8E5091C6EB1F}.Release|Any CPU.Build.0 = Release|Any CPU
		{52DA1AA5-5BA1-4626-BD41-66EC4E58DE4D}.Debug|Any CPU.ActiveCfg = Debug|Any CPU
		{52DA1AA5-5BA1-4626-BD41-66EC4E58DE4D}.Debug|Any CPU.Build.0 = Debug|Any CPU
		{52DA1AA5-5BA1-4626-BD41-66EC4E58DE4D}.Release|Any CPU.ActiveCfg = Release|Any CPU
		{52DA1AA5-5BA1-4626-BD41-66EC4E58DE4D}.Release|Any CPU.Build.0 = Release|Any CPU
	EndGlobalSection
	GlobalSection(SolutionProperties) = preSolution
		HideSolutionNode = FALSE
	EndGlobalSection
	GlobalSection(ExtensibilityGlobals) = postSolution
		SolutionGuid = {C6B2E576-1989-4348-B5D4-02E66FF3F497}
	EndGlobalSection
EndGlobal
